// !$*UTF8*$!
{
	archiveVersion = 1;
	classes = {
	};
	objectVersion = 56;
	objects = {

/* Begin PBXBuildFile section */
		E2D752602C050F9F00B67887 /* HHtestApp.swift in Sources */ = {isa = PBXBuildFile; fileRef = E2D7525F2C050F9F00B67887 /* HHtestApp.swift */; };
		E2D752642C050FA000B67887 /* Assets.xcassets in Resources */ = {isa = PBXBuildFile; fileRef = E2D752632C050FA000B67887 /* Assets.xcassets */; };
		E2D752672C050FA000B67887 /* Preview Assets.xcassets in Resources */ = {isa = PBXBuildFile; fileRef = E2D752662C050FA000B67887 /* Preview Assets.xcassets */; };
		E2D752722C05221400B67887 /* AppCoordinator.swift in Sources */ = {isa = PBXBuildFile; fileRef = E2D752712C05221400B67887 /* AppCoordinator.swift */; };
		E2D752742C05227A00B67887 /* MainTabView.swift in Sources */ = {isa = PBXBuildFile; fileRef = E2D752732C05227A00B67887 /* MainTabView.swift */; };
		E2D752762C0524E800B67887 /* SearchCoordinator.swift in Sources */ = {isa = PBXBuildFile; fileRef = E2D752752C0524E800B67887 /* SearchCoordinator.swift */; };
		E2D752782C05250200B67887 /* FavoritesCoordinator.swift in Sources */ = {isa = PBXBuildFile; fileRef = E2D752772C05250200B67887 /* FavoritesCoordinator.swift */; };
		E2D7527A2C05251400B67887 /* ResponsesCoordinator.swift in Sources */ = {isa = PBXBuildFile; fileRef = E2D752792C05251400B67887 /* ResponsesCoordinator.swift */; };
		E2D7527C2C05252300B67887 /* MessagesCoordinator.swift in Sources */ = {isa = PBXBuildFile; fileRef = E2D7527B2C05252300B67887 /* MessagesCoordinator.swift */; };
		E2D7527E2C05253800B67887 /* ProfileCoordinator.swift in Sources */ = {isa = PBXBuildFile; fileRef = E2D7527D2C05253800B67887 /* ProfileCoordinator.swift */; };
		E2D752822C0529C100B67887 /* SearchView.swift in Sources */ = {isa = PBXBuildFile; fileRef = E2D752812C0529C100B67887 /* SearchView.swift */; };
		E2D752842C0529D200B67887 /* FavoritesView.swift in Sources */ = {isa = PBXBuildFile; fileRef = E2D752832C0529D200B67887 /* FavoritesView.swift */; };
		E2D752862C0529E300B67887 /* ResponsesView.swift in Sources */ = {isa = PBXBuildFile; fileRef = E2D752852C0529E300B67887 /* ResponsesView.swift */; };
		E2D752882C0529EE00B67887 /* MessagesView.swift in Sources */ = {isa = PBXBuildFile; fileRef = E2D752872C0529EE00B67887 /* MessagesView.swift */; };
		E2D7528A2C0529F800B67887 /* ProfileView.swift in Sources */ = {isa = PBXBuildFile; fileRef = E2D752892C0529F800B67887 /* ProfileView.swift */; };
		E2D7528C2C052BC900B67887 /* SearchViewModel.swift in Sources */ = {isa = PBXBuildFile; fileRef = E2D7528B2C052BC900B67887 /* SearchViewModel.swift */; };
		E2D7528E2C052BDC00B67887 /* FavoritesViewModel.swift in Sources */ = {isa = PBXBuildFile; fileRef = E2D7528D2C052BDC00B67887 /* FavoritesViewModel.swift */; };
		E2D752902C052BE700B67887 /* ResponsesViewModel.swift in Sources */ = {isa = PBXBuildFile; fileRef = E2D7528F2C052BE700B67887 /* ResponsesViewModel.swift */; };
		E2D752922C052BF600B67887 /* MessagesViewModel.swift in Sources */ = {isa = PBXBuildFile; fileRef = E2D752912C052BF600B67887 /* MessagesViewModel.swift */; };
		E2D752942C052C0000B67887 /* ProfileViewModel.swift in Sources */ = {isa = PBXBuildFile; fileRef = E2D752932C052C0000B67887 /* ProfileViewModel.swift */; };
		E2D752962C0601DE00B67887 /* MainModel.swift in Sources */ = {isa = PBXBuildFile; fileRef = E2D752952C0601DE00B67887 /* MainModel.swift */; };
		E2D752992C06048800B67887 /* VacancyBlock.swift in Sources */ = {isa = PBXBuildFile; fileRef = E2D752982C06048800B67887 /* VacancyBlock.swift */; };
		E2D7529D2C06A1B600B67887 /* OffersScroll.swift in Sources */ = {isa = PBXBuildFile; fileRef = E2D7529C2C06A1B600B67887 /* OffersScroll.swift */; };
		E2D752A02C07E70800B67887 /* CoreDataModel.xcdatamodeld in Sources */ = {isa = PBXBuildFile; fileRef = E2D7529E2C07E70800B67887 /* CoreDataModel.xcdatamodeld */; };
		E2D752A22C07ED5100B67887 /* CoreDataManager.swift in Sources */ = {isa = PBXBuildFile; fileRef = E2D752A12C07ED5100B67887 /* CoreDataManager.swift */; };
/* End PBXBuildFile section */

/* Begin PBXFileReference section */
		E2D7525C2C050F9F00B67887 /* HHtest.app */ = {isa = PBXFileReference; explicitFileType = wrapper.application; includeInIndex = 0; path = HHtest.app; sourceTree = BUILT_PRODUCTS_DIR; };
		E2D7525F2C050F9F00B67887 /* HHtestApp.swift */ = {isa = PBXFileReference; lastKnownFileType = sourcecode.swift; path = HHtestApp.swift; sourceTree = "<group>"; };
		E2D752632C050FA000B67887 /* Assets.xcassets */ = {isa = PBXFileReference; lastKnownFileType = folder.assetcatalog; path = Assets.xcassets; sourceTree = "<group>"; };
		E2D752662C050FA000B67887 /* Preview Assets.xcassets */ = {isa = PBXFileReference; lastKnownFileType = folder.assetcatalog; path = "Preview Assets.xcassets"; sourceTree = "<group>"; };
		E2D752712C05221400B67887 /* AppCoordinator.swift */ = {isa = PBXFileReference; lastKnownFileType = sourcecode.swift; path = AppCoordinator.swift; sourceTree = "<group>"; };
		E2D752732C05227A00B67887 /* MainTabView.swift */ = {isa = PBXFileReference; lastKnownFileType = sourcecode.swift; path = MainTabView.swift; sourceTree = "<group>"; };
		E2D752752C0524E800B67887 /* SearchCoordinator.swift */ = {isa = PBXFileReference; lastKnownFileType = sourcecode.swift; path = SearchCoordinator.swift; sourceTree = "<group>"; };
		E2D752772C05250200B67887 /* FavoritesCoordinator.swift */ = {isa = PBXFileReference; lastKnownFileType = sourcecode.swift; path = FavoritesCoordinator.swift; sourceTree = "<group>"; };
		E2D752792C05251400B67887 /* ResponsesCoordinator.swift */ = {isa = PBXFileReference; lastKnownFileType = sourcecode.swift; path = ResponsesCoordinator.swift; sourceTree = "<group>"; };
		E2D7527B2C05252300B67887 /* MessagesCoordinator.swift */ = {isa = PBXFileReference; lastKnownFileType = sourcecode.swift; path = MessagesCoordinator.swift; sourceTree = "<group>"; };
		E2D7527D2C05253800B67887 /* ProfileCoordinator.swift */ = {isa = PBXFileReference; lastKnownFileType = sourcecode.swift; path = ProfileCoordinator.swift; sourceTree = "<group>"; };
		E2D752812C0529C100B67887 /* SearchView.swift */ = {isa = PBXFileReference; lastKnownFileType = sourcecode.swift; path = SearchView.swift; sourceTree = "<group>"; };
		E2D752832C0529D200B67887 /* FavoritesView.swift */ = {isa = PBXFileReference; lastKnownFileType = sourcecode.swift; path = FavoritesView.swift; sourceTree = "<group>"; };
		E2D752852C0529E300B67887 /* ResponsesView.swift */ = {isa = PBXFileReference; lastKnownFileType = sourcecode.swift; path = ResponsesView.swift; sourceTree = "<group>"; };
		E2D752872C0529EE00B67887 /* MessagesView.swift */ = {isa = PBXFileReference; lastKnownFileType = sourcecode.swift; path = MessagesView.swift; sourceTree = "<group>"; };
		E2D752892C0529F800B67887 /* ProfileView.swift */ = {isa = PBXFileReference; lastKnownFileType = sourcecode.swift; path = ProfileView.swift; sourceTree = "<group>"; };
		E2D7528B2C052BC900B67887 /* SearchViewModel.swift */ = {isa = PBXFileReference; lastKnownFileType = sourcecode.swift; path = SearchViewModel.swift; sourceTree = "<group>"; };
		E2D7528D2C052BDC00B67887 /* FavoritesViewModel.swift */ = {isa = PBXFileReference; lastKnownFileType = sourcecode.swift; path = FavoritesViewModel.swift; sourceTree = "<group>"; };
		E2D7528F2C052BE700B67887 /* ResponsesViewModel.swift */ = {isa = PBXFileReference; lastKnownFileType = sourcecode.swift; path = ResponsesViewModel.swift; sourceTree = "<group>"; };
		E2D752912C052BF600B67887 /* MessagesViewModel.swift */ = {isa = PBXFileReference; lastKnownFileType = sourcecode.swift; path = MessagesViewModel.swift; sourceTree = "<group>"; };
		E2D752932C052C0000B67887 /* ProfileViewModel.swift */ = {isa = PBXFileReference; lastKnownFileType = sourcecode.swift; path = ProfileViewModel.swift; sourceTree = "<group>"; };
		E2D752952C0601DE00B67887 /* MainModel.swift */ = {isa = PBXFileReference; lastKnownFileType = sourcecode.swift; path = MainModel.swift; sourceTree = "<group>"; };
		E2D752982C06048800B67887 /* VacancyBlock.swift */ = {isa = PBXFileReference; lastKnownFileType = sourcecode.swift; path = VacancyBlock.swift; sourceTree = "<group>"; };
		E2D7529C2C06A1B600B67887 /* OffersScroll.swift */ = {isa = PBXFileReference; lastKnownFileType = sourcecode.swift; path = OffersScroll.swift; sourceTree = "<group>"; };
		E2D7529F2C07E70800B67887 /* CoreDataMode.xcdatamodel */ = {isa = PBXFileReference; lastKnownFileType = wrapper.xcdatamodel; path = CoreDataMode.xcdatamodel; sourceTree = "<group>"; };
		E2D752A12C07ED5100B67887 /* CoreDataManager.swift */ = {isa = PBXFileReference; lastKnownFileType = sourcecode.swift; path = CoreDataManager.swift; sourceTree = "<group>"; };
/* End PBXFileReference section */

/* Begin PBXFrameworksBuildPhase section */
		E2D752592C050F9F00B67887 /* Frameworks */ = {
			isa = PBXFrameworksBuildPhase;
			buildActionMask = 2147483647;
			files = (
			);
			runOnlyForDeploymentPostprocessing = 0;
		};
/* End PBXFrameworksBuildPhase section */

/* Begin PBXGroup section */
		E2D752532C050F9F00B67887 = {
			isa = PBXGroup;
			children = (
				E2D7525E2C050F9F00B67887 /* HHtest */,
				E2D7525D2C050F9F00B67887 /* Products */,
			);
			sourceTree = "<group>";
		};
		E2D7525D2C050F9F00B67887 /* Products */ = {
			isa = PBXGroup;
			children = (
				E2D7525C2C050F9F00B67887 /* HHtest.app */,
			);
			name = Products;
			sourceTree = "<group>";
		};
		E2D7525E2C050F9F00B67887 /* HHtest */ = {
			isa = PBXGroup;
			children = (
				E2D7525F2C050F9F00B67887 /* HHtestApp.swift */,
				E2D7526D2C051E2E00B67887 /* Views */,
				E2D7526F2C051E4500B67887 /* ViewModels */,
				E2D7526E2C051E3F00B67887 /* Models */,
				E2D752702C051E4D00B67887 /* Coordinators */,
				E2D752632C050FA000B67887 /* Assets.xcassets */,
				E2D752652C050FA000B67887 /* Preview Content */,
			);
			path = HHtest;
			sourceTree = "<group>";
		};
		E2D752652C050FA000B67887 /* Preview Content */ = {
			isa = PBXGroup;
			children = (
				E2D752662C050FA000B67887 /* Preview Assets.xcassets */,
			);
			path = "Preview Content";
			sourceTree = "<group>";
		};
		E2D7526D2C051E2E00B67887 /* Views */ = {
			isa = PBXGroup;
			children = (
				E2D752732C05227A00B67887 /* MainTabView.swift */,
				E2D752812C0529C100B67887 /* SearchView.swift */,
				E2D752832C0529D200B67887 /* FavoritesView.swift */,
				E2D752852C0529E300B67887 /* ResponsesView.swift */,
				E2D752872C0529EE00B67887 /* MessagesView.swift */,
				E2D752892C0529F800B67887 /* ProfileView.swift */,
				E2D752972C06036800B67887 /* Components */,
			);
			path = Views;
			sourceTree = "<group>";
		};
		E2D7526E2C051E3F00B67887 /* Models */ = {
			isa = PBXGroup;
			children = (
				E2D752952C0601DE00B67887 /* MainModel.swift */,
				E2D7529E2C07E70800B67887 /* CoreDataModel.xcdatamodeld */,
				E2D752A12C07ED5100B67887 /* CoreDataManager.swift */,
			);
			path = Models;
			sourceTree = "<group>";
		};
		E2D7526F2C051E4500B67887 /* ViewModels */ = {
			isa = PBXGroup;
			children = (
				E2D7528B2C052BC900B67887 /* SearchViewModel.swift */,
				E2D7528D2C052BDC00B67887 /* FavoritesViewModel.swift */,
				E2D7528F2C052BE700B67887 /* ResponsesViewModel.swift */,
				E2D752912C052BF600B67887 /* MessagesViewModel.swift */,
				E2D752932C052C0000B67887 /* ProfileViewModel.swift */,
			);
			path = ViewModels;
			sourceTree = "<group>";
		};
		E2D752702C051E4D00B67887 /* Coordinators */ = {
			isa = PBXGroup;
			children = (
				E2D752712C05221400B67887 /* AppCoordinator.swift */,
				E2D752752C0524E800B67887 /* SearchCoordinator.swift */,
				E2D752772C05250200B67887 /* FavoritesCoordinator.swift */,
				E2D752792C05251400B67887 /* ResponsesCoordinator.swift */,
				E2D7527B2C05252300B67887 /* MessagesCoordinator.swift */,
				E2D7527D2C05253800B67887 /* ProfileCoordinator.swift */,
			);
			path = Coordinators;
			sourceTree = "<group>";
		};
		E2D752972C06036800B67887 /* Components */ = {
			isa = PBXGroup;
			children = (
				E2D752982C06048800B67887 /* VacancyBlock.swift */,
				E2D7529C2C06A1B600B67887 /* OffersScroll.swift */,
			);
			path = Components;
			sourceTree = "<group>";
		};
/* End PBXGroup section */

/* Begin PBXNativeTarget section */
		E2D7525B2C050F9F00B67887 /* HHtest */ = {
			isa = PBXNativeTarget;
			buildConfigurationList = E2D7526A2C050FA000B67887 /* Build configuration list for PBXNativeTarget "HHtest" */;
			buildPhases = (
				E2D752582C050F9F00B67887 /* Sources */,
				E2D752592C050F9F00B67887 /* Frameworks */,
				E2D7525A2C050F9F00B67887 /* Resources */,
			);
			buildRules = (
			);
			dependencies = (
			);
			name = HHtest;
			productName = HHtest;
			productReference = E2D7525C2C050F9F00B67887 /* HHtest.app */;
			productType = "com.apple.product-type.application";
		};
/* End PBXNativeTarget section */

/* Begin PBXProject section */
		E2D752542C050F9F00B67887 /* Project object */ = {
			isa = PBXProject;
			attributes = {
				BuildIndependentTargetsInParallel = 1;
				LastSwiftUpdateCheck = 1430;
				LastUpgradeCheck = 1430;
				TargetAttributes = {
					E2D7525B2C050F9F00B67887 = {
						CreatedOnToolsVersion = 14.3.1;
					};
				};
			};
			buildConfigurationList = E2D752572C050F9F00B67887 /* Build configuration list for PBXProject "HHtest" */;
			compatibilityVersion = "Xcode 14.0";
			developmentRegion = en;
			hasScannedForEncodings = 0;
			knownRegions = (
				en,
				Base,
			);
			mainGroup = E2D752532C050F9F00B67887;
			productRefGroup = E2D7525D2C050F9F00B67887 /* Products */;
			projectDirPath = "";
			projectRoot = "";
			targets = (
				E2D7525B2C050F9F00B67887 /* HHtest */,
			);
		};
/* End PBXProject section */

/* Begin PBXResourcesBuildPhase section */
		E2D7525A2C050F9F00B67887 /* Resources */ = {
			isa = PBXResourcesBuildPhase;
			buildActionMask = 2147483647;
			files = (
				E2D752672C050FA000B67887 /* Preview Assets.xcassets in Resources */,
				E2D752642C050FA000B67887 /* Assets.xcassets in Resources */,
			);
			runOnlyForDeploymentPostprocessing = 0;
		};
/* End PBXResourcesBuildPhase section */

/* Begin PBXSourcesBuildPhase section */
		E2D752582C050F9F00B67887 /* Sources */ = {
			isa = PBXSourcesBuildPhase;
			buildActionMask = 2147483647;
			files = (
				E2D7527C2C05252300B67887 /* MessagesCoordinator.swift in Sources */,
				E2D752992C06048800B67887 /* VacancyBlock.swift in Sources */,
				E2D752862C0529E300B67887 /* ResponsesView.swift in Sources */,
				E2D7528C2C052BC900B67887 /* SearchViewModel.swift in Sources */,
				E2D752722C05221400B67887 /* AppCoordinator.swift in Sources */,
				E2D752762C0524E800B67887 /* SearchCoordinator.swift in Sources */,
				E2D752882C0529EE00B67887 /* MessagesView.swift in Sources */,
				E2D752962C0601DE00B67887 /* MainModel.swift in Sources */,
				E2D752A22C07ED5100B67887 /* CoreDataManager.swift in Sources */,
				E2D752922C052BF600B67887 /* MessagesViewModel.swift in Sources */,
				E2D7528E2C052BDC00B67887 /* FavoritesViewModel.swift in Sources */,
				E2D752602C050F9F00B67887 /* HHtestApp.swift in Sources */,
				E2D7528A2C0529F800B67887 /* ProfileView.swift in Sources */,
				E2D752782C05250200B67887 /* FavoritesCoordinator.swift in Sources */,
				E2D752902C052BE700B67887 /* ResponsesViewModel.swift in Sources */,
				E2D7527A2C05251400B67887 /* ResponsesCoordinator.swift in Sources */,
				E2D752942C052C0000B67887 /* ProfileViewModel.swift in Sources */,
				E2D7529D2C06A1B600B67887 /* OffersScroll.swift in Sources */,
				E2D7527E2C05253800B67887 /* ProfileCoordinator.swift in Sources */,
				E2D752842C0529D200B67887 /* FavoritesView.swift in Sources */,
				E2D752742C05227A00B67887 /* MainTabView.swift in Sources */,
				E2D752822C0529C100B67887 /* SearchView.swift in Sources */,
				E2D752A02C07E70800B67887 /* CoreDataModel.xcdatamodeld in Sources */,
			);
			runOnlyForDeploymentPostprocessing = 0;
		};
/* End PBXSourcesBuildPhase section */

/* Begin XCBuildConfiguration section */
		E2D752682C050FA000B67887 /* Debug */ = {
			isa = XCBuildConfiguration;
			buildSettings = {
				ALWAYS_SEARCH_USER_PATHS = NO;
				CLANG_ANALYZER_NONNULL = YES;
				CLANG_ANALYZER_NUMBER_OBJECT_CONVERSION = YES_AGGRESSIVE;
				CLANG_CXX_LANGUAGE_STANDARD = "gnu++20";
				CLANG_ENABLE_MODULES = YES;
				CLANG_ENABLE_OBJC_ARC = YES;
				CLANG_ENABLE_OBJC_WEAK = YES;
				CLANG_WARN_BLOCK_CAPTURE_AUTORELEASING = YES;
				CLANG_WARN_BOOL_CONVERSION = YES;
				CLANG_WARN_COMMA = YES;
				CLANG_WARN_CONSTANT_CONVERSION = YES;
				CLANG_WARN_DEPRECATED_OBJC_IMPLEMENTATIONS = YES;
				CLANG_WARN_DIRECT_OBJC_ISA_USAGE = YES_ERROR;
				CLANG_WARN_DOCUMENTATION_COMMENTS = YES;
				CLANG_WARN_EMPTY_BODY = YES;
				CLANG_WARN_ENUM_CONVERSION = YES;
				CLANG_WARN_INFINITE_RECURSION = YES;
				CLANG_WARN_INT_CONVERSION = YES;
				CLANG_WARN_NON_LITERAL_NULL_CONVERSION = YES;
				CLANG_WARN_OBJC_IMPLICIT_RETAIN_SELF = YES;
				CLANG_WARN_OBJC_LITERAL_CONVERSION = YES;
				CLANG_WARN_OBJC_ROOT_CLASS = YES_ERROR;
				CLANG_WARN_QUOTED_INCLUDE_IN_FRAMEWORK_HEADER = YES;
				CLANG_WARN_RANGE_LOOP_ANALYSIS = YES;
				CLANG_WARN_STRICT_PROTOTYPES = YES;
				CLANG_WARN_SUSPICIOUS_MOVE = YES;
				CLANG_WARN_UNGUARDED_AVAILABILITY = YES_AGGRESSIVE;
				CLANG_WARN_UNREACHABLE_CODE = YES;
				CLANG_WARN__DUPLICATE_METHOD_MATCH = YES;
				COPY_PHASE_STRIP = NO;
				DEBUG_INFORMATION_FORMAT = dwarf;
				ENABLE_STRICT_OBJC_MSGSEND = YES;
				ENABLE_TESTABILITY = YES;
				GCC_C_LANGUAGE_STANDARD = gnu11;
				GCC_DYNAMIC_NO_PIC = NO;
				GCC_NO_COMMON_BLOCKS = YES;
				GCC_OPTIMIZATION_LEVEL = 0;
				GCC_PREPROCESSOR_DEFINITIONS = (
					"DEBUG=1",
					"$(inherited)",
				);
				GCC_WARN_64_TO_32_BIT_CONVERSION = YES;
				GCC_WARN_ABOUT_RETURN_TYPE = YES_ERROR;
				GCC_WARN_UNDECLARED_SELECTOR = YES;
				GCC_WARN_UNINITIALIZED_AUTOS = YES_AGGRESSIVE;
				GCC_WARN_UNUSED_FUNCTION = YES;
				GCC_WARN_UNUSED_VARIABLE = YES;
				IPHONEOS_DEPLOYMENT_TARGET = 16.4;
				MTL_ENABLE_DEBUG_INFO = INCLUDE_SOURCE;
				MTL_FAST_MATH = YES;
				ONLY_ACTIVE_ARCH = YES;
				SDKROOT = iphoneos;
				SWIFT_ACTIVE_COMPILATION_CONDITIONS = DEBUG;
				SWIFT_OPTIMIZATION_LEVEL = "-Onone";
			};
			name = Debug;
		};
		E2D752692C050FA000B67887 /* Release */ = {
			isa = XCBuildConfiguration;
			buildSettings = {
				ALWAYS_SEARCH_USER_PATHS = NO;
				CLANG_ANALYZER_NONNULL = YES;
				CLANG_ANALYZER_NUMBER_OBJECT_CONVERSION = YES_AGGRESSIVE;
				CLANG_CXX_LANGUAGE_STANDARD = "gnu++20";
				CLANG_ENABLE_MODULES = YES;
				CLANG_ENABLE_OBJC_ARC = YES;
				CLANG_ENABLE_OBJC_WEAK = YES;
				CLANG_WARN_BLOCK_CAPTURE_AUTORELEASING = YES;
				CLANG_WARN_BOOL_CONVERSION = YES;
				CLANG_WARN_COMMA = YES;
				CLANG_WARN_CONSTANT_CONVERSION = YES;
				CLANG_WARN_DEPRECATED_OBJC_IMPLEMENTATIONS = YES;
				CLANG_WARN_DIRECT_OBJC_ISA_USAGE = YES_ERROR;
				CLANG_WARN_DOCUMENTATION_COMMENTS = YES;
				CLANG_WARN_EMPTY_BODY = YES;
				CLANG_WARN_ENUM_CONVERSION = YES;
				CLANG_WARN_INFINITE_RECURSION = YES;
				CLANG_WARN_INT_CONVERSION = YES;
				CLANG_WARN_NON_LITERAL_NULL_CONVERSION = YES;
				CLANG_WARN_OBJC_IMPLICIT_RETAIN_SELF = YES;
				CLANG_WARN_OBJC_LITERAL_CONVERSION = YES;
				CLANG_WARN_OBJC_ROOT_CLASS = YES_ERROR;
				CLANG_WARN_QUOTED_INCLUDE_IN_FRAMEWORK_HEADER = YES;
				CLANG_WARN_RANGE_LOOP_ANALYSIS = YES;
				CLANG_WARN_STRICT_PROTOTYPES = YES;
				CLANG_WARN_SUSPICIOUS_MOVE = YES;
				CLANG_WARN_UNGUARDED_AVAILABILITY = YES_AGGRESSIVE;
				CLANG_WARN_UNREACHABLE_CODE = YES;
				CLANG_WARN__DUPLICATE_METHOD_MATCH = YES;
				COPY_PHASE_STRIP = NO;
				DEBUG_INFORMATION_FORMAT = "dwarf-with-dsym";
				ENABLE_NS_ASSERTIONS = NO;
				ENABLE_STRICT_OBJC_MSGSEND = YES;
				GCC_C_LANGUAGE_STANDARD = gnu11;
				GCC_NO_COMMON_BLOCKS = YES;
				GCC_WARN_64_TO_32_BIT_CONVERSION = YES;
				GCC_WARN_ABOUT_RETURN_TYPE = YES_ERROR;
				GCC_WARN_UNDECLARED_SELECTOR = YES;
				GCC_WARN_UNINITIALIZED_AUTOS = YES_AGGRESSIVE;
				GCC_WARN_UNUSED_FUNCTION = YES;
				GCC_WARN_UNUSED_VARIABLE = YES;
				IPHONEOS_DEPLOYMENT_TARGET = 16.4;
				MTL_ENABLE_DEBUG_INFO = NO;
				MTL_FAST_MATH = YES;
				SDKROOT = iphoneos;
				SWIFT_COMPILATION_MODE = wholemodule;
				SWIFT_OPTIMIZATION_LEVEL = "-O";
				VALIDATE_PRODUCT = YES;
			};
			name = Release;
		};
		E2D7526B2C050FA000B67887 /* Debug */ = {
			isa = XCBuildConfiguration;
			buildSettings = {
				ASSETCATALOG_COMPILER_APPICON_NAME = AppIcon;
				ASSETCATALOG_COMPILER_GLOBAL_ACCENT_COLOR_NAME = AccentColor;
				CODE_SIGN_STYLE = Automatic;
				CURRENT_PROJECT_VERSION = 1;
				DEVELOPMENT_ASSET_PATHS = "\"HHtest/Preview Content\"";
				DEVELOPMENT_TEAM = P8AS9474FG;
				ENABLE_PREVIEWS = YES;
				GENERATE_INFOPLIST_FILE = YES;
				INFOPLIST_KEY_UIApplicationSceneManifest_Generation = YES;
				INFOPLIST_KEY_UIApplicationSupportsIndirectInputEvents = YES;
				INFOPLIST_KEY_UILaunchScreen_Generation = YES;
				INFOPLIST_KEY_UISupportedInterfaceOrientations_iPad = "UIInterfaceOrientationPortrait UIInterfaceOrientationPortraitUpsideDown UIInterfaceOrientationLandscapeLeft UIInterfaceOrientationLandscapeRight";
				INFOPLIST_KEY_UISupportedInterfaceOrientations_iPhone = "UIInterfaceOrientationPortrait UIInterfaceOrientationLandscapeLeft UIInterfaceOrientationLandscapeRight";
				LD_RUNPATH_SEARCH_PATHS = (
					"$(inherited)",
					"@executable_path/Frameworks",
				);
				MARKETING_VERSION = 1.0;
				PRODUCT_BUNDLE_IDENTIFIER = savakotsur.HHtest;
				PRODUCT_NAME = "$(TARGET_NAME)";
				SWIFT_EMIT_LOC_STRINGS = YES;
				SWIFT_VERSION = 5.0;
				TARGETED_DEVICE_FAMILY = "1,2";
			};
			name = Debug;
		};
		E2D7526C2C050FA000B67887 /* Release */ = {
			isa = XCBuildConfiguration;
			buildSettings = {
				ASSETCATALOG_COMPILER_APPICON_NAME = AppIcon;
				ASSETCATALOG_COMPILER_GLOBAL_ACCENT_COLOR_NAME = AccentColor;
				CODE_SIGN_STYLE = Automatic;
				CURRENT_PROJECT_VERSION = 1;
				DEVELOPMENT_ASSET_PATHS = "\"HHtest/Preview Content\"";
				DEVELOPMENT_TEAM = P8AS9474FG;
				ENABLE_PREVIEWS = YES;
				GENERATE_INFOPLIST_FILE = YES;
				INFOPLIST_KEY_UIApplicationSceneManifest_Generation = YES;
				INFOPLIST_KEY_UIApplicationSupportsIndirectInputEvents = YES;
				INFOPLIST_KEY_UILaunchScreen_Generation = YES;
				INFOPLIST_KEY_UISupportedInterfaceOrientations_iPad = "UIInterfaceOrientationPortrait UIInterfaceOrientationPortraitUpsideDown UIInterfaceOrientationLandscapeLeft UIInterfaceOrientationLandscapeRight";
				INFOPLIST_KEY_UISupportedInterfaceOrientations_iPhone = "UIInterfaceOrientationPortrait UIInterfaceOrientationLandscapeLeft UIInterfaceOrientationLandscapeRight";
				LD_RUNPATH_SEARCH_PATHS = (
					"$(inherited)",
					"@executable_path/Frameworks",
				);
				MARKETING_VERSION = 1.0;
				PRODUCT_BUNDLE_IDENTIFIER = savakotsur.HHtest;
				PRODUCT_NAME = "$(TARGET_NAME)";
				SWIFT_EMIT_LOC_STRINGS = YES;
				SWIFT_VERSION = 5.0;
				TARGETED_DEVICE_FAMILY = "1,2";
			};
			name = Release;
		};
/* End XCBuildConfiguration section */

/* Begin XCConfigurationList section */
		E2D752572C050F9F00B67887 /* Build configuration list for PBXProject "HHtest" */ = {
			isa = XCConfigurationList;
			buildConfigurations = (
				E2D752682C050FA000B67887 /* Debug */,
				E2D752692C050FA000B67887 /* Release */,
			);
			defaultConfigurationIsVisible = 0;
			defaultConfigurationName = Release;
		};
		E2D7526A2C050FA000B67887 /* Build configuration list for PBXNativeTarget "HHtest" */ = {
			isa = XCConfigurationList;
			buildConfigurations = (
				E2D7526B2C050FA000B67887 /* Debug */,
				E2D7526C2C050FA000B67887 /* Release */,
			);
			defaultConfigurationIsVisible = 0;
			defaultConfigurationName = Release;
		};
/* End XCConfigurationList section */

/* Begin XCVersionGroup section */
		E2D7529E2C07E70800B67887 /* CoreDataModel.xcdatamodeld */ = {
			isa = XCVersionGroup;
			children = (
				E2D7529F2C07E70800B67887 /* CoreDataMode.xcdatamodel */,
			);
			currentVersion = E2D7529F2C07E70800B67887 /* CoreDataMode.xcdatamodel */;
			path = CoreDataModel.xcdatamodeld;
			sourceTree = "<group>";
			versionGroupType = wrapper.xcdatamodel;
		};
/* End XCVersionGroup section */
	};
	rootObject = E2D752542C050F9F00B67887 /* Project object */;
}
